{
  "nodes": {
    "flake-utils": {
      "inputs": {
        "systems": "systems"
      },
      "locked": {
        "lastModified": 1692799911,
        "narHash": "sha256-3eihraek4qL744EvQXsK1Ha6C3CR7nnT8X2qWap4RNk=",
        "owner": "numtide",
        "repo": "flake-utils",
        "rev": "f9e7cf818399d17d347f847525c5a5a8032e4e44",
        "type": "github"
      },
      "original": {
        "owner": "numtide",
        "repo": "flake-utils",
        "type": "github"
      }
    },
    "flake-utils_2": {
      "inputs": {
        "systems": "systems_2"
      },
      "locked": {
        "lastModified": 1692799911,
        "narHash": "sha256-3eihraek4qL744EvQXsK1Ha6C3CR7nnT8X2qWap4RNk=",
        "owner": "numtide",
        "repo": "flake-utils",
        "rev": "f9e7cf818399d17d347f847525c5a5a8032e4e44",
        "type": "github"
      },
      "original": {
        "owner": "numtide",
        "repo": "flake-utils",
        "type": "github"
      }
    },
    "llvm-lc-3-2": {
      "inputs": {
        "flake-utils": "flake-utils_2",
        "nixpkgs-23-05": "nixpkgs-23-05"
      },
      "locked": {
        "lastModified": 1693776645,
        "narHash": "sha256-lQf7oe2nc6lJ91aPdH3aKsDao2cGHBz3+I4w1HhSqLs=",
        "ref": "refs/heads/main",
        "rev": "8e5c7f75fea7434e45cc66f494a588cdf031dda1",
        "revCount": 252,
        "type": "git",
        "url": "ssh://git@github.com/lc-3-2/llvm.git"
      },
      "original": {
        "type": "git",
        "url": "ssh://git@github.com/lc-3-2/llvm.git"
      }
    },
    "nixpkgs-23-05": {
      "locked": {
        "lastModified": 1693774312,
        "narHash": "sha256-ylAtgZJ+31w6vPT1qL2wsBij9VnS+eir31cGjpPZais=",
        "owner": "NixOS",
        "repo": "nixpkgs",
        "rev": "d897388464ed69324d4e73f817c3e4792a1679c0",
        "type": "github"
      },
      "original": {
        "owner": "NixOS",
        "ref": "release-23.05",
        "repo": "nixpkgs",
        "type": "github"
      }
    },
    "nixpkgs-23-05_2": {
      "locked": {
        "lastModified": 1693774312,
        "narHash": "sha256-ylAtgZJ+31w6vPT1qL2wsBij9VnS+eir31cGjpPZais=",
        "owner": "NixOS",
        "repo": "nixpkgs",
        "rev": "d897388464ed69324d4e73f817c3e4792a1679c0",
        "type": "github"
      },
      "original": {
        "owner": "NixOS",
        "ref": "release-23.05",
        "repo": "nixpkgs",
        "type": "github"
      }
    },
    "root": {
      "inputs": {
        "flake-utils": "flake-utils",
        "llvm-lc-3-2": "llvm-lc-3-2",
        "nixpkgs-23-05": "nixpkgs-23-05_2"
      }
    },
    "systems": {
      "locked": {
        "lastModified": 1681028828,
        "narHash": "sha256-Vy1rq5AaRuLzOxct8nz4T6wlgyUR7zLU309k9mBC768=",
        "owner": "nix-systems",
        "repo": "default",
        "rev": "da67096a3b9bf56a91d16901293e51ba5b49a27e",
        "type": "github"
      },
      "original": {
        "owner": "nix-systems",
        "repo": "default",
        "type": "github"
      }
    },
    "systems_2": {
      "locked": {
        "lastModified": 1681028828,
        "narHash": "sha256-Vy1rq5AaRuLzOxct8nz4T6wlgyUR7zLU309k9mBC768=",
        "owner": "nix-systems",
        "repo": "default",
        "rev": "da67096a3b9bf56a91d16901293e51ba5b49a27e",
        "type": "github"
      },
      "original": {
        "owner": "nix-systems",
        "repo": "default",
        "type": "github"
      }
    }
  },
  "root": "root",
  "version": 7
}
